
Microsoft Visual Studio Solution File, Format Version 12.00
# Visual Studio Version 16
VisualStudioVersion = 16.0.30717.126
MinimumVisualStudioVersion = 10.0.40219.1
Project("{9A19103F-16F7-4668-BE54-9A1E7A4F7556}") = "Data-Structures_Algorithms", "data-structure_algorithms\Data-Structures_Algorithms.csproj", "{6F5B1727-C98C-44BF-A0BB-9EAF0BE18AF2}"
EndProject
Global
	GlobalSection(SolutionConfigurationPlatforms) = preSolution
		Debug|Any CPU = Debug|Any CPU
		Release|Any CPU = Release|Any CPU
	EndGlobalSection
	GlobalSection(ProjectConfigurationPlatforms) = postSolution
		{6F5B1727-C98C-44BF-A0BB-9EAF0BE18AF2}.Debug|Any CPU.ActiveCfg = Debug|Any CPU
		{6F5B1727-C98C-44BF-A0BB-9EAF0BE18AF2}.Debug|Any CPU.Build.0 = Debug|Any CPU
		{6F5B1727-C98C-44BF-A0BB-9EAF0BE18AF2}.Release|Any CPU.ActiveCfg = Release|Any CPU
		{6F5B1727-C98C-44BF-A0BB-9EAF0BE18AF2}.Release|Any CPU.Build.0 = Release|Any CPU
	EndGlobalSection
	GlobalSection(SolutionProperties) = preSolution
		HideSolutionNode = FALSE
	EndGlobalSection
	GlobalSection(ExtensibilityGlobals) = postSolution
		SolutionGuid = {BE98B588-ACBD-442C-9644-0DB7A7135567}
	EndGlobalSection
EndGlobal
